Microsoft Visual Studio Solution File, Format Version 12.00
# Visual Studio Version 17
VisualStudioVersion = 17.5.2.0
MinimumVisualStudioVersion = 10.0.40219.1
Project("{FAE04EC0-301F-11D3-BF4B-00C04F79EFBC}") = "InternshipManager.Api", "InternshipManager.Api\InternshipManager.Api.csproj", "{1C597660-6041-A438-79B2-97EA9C8E20A6}"
EndProject
Global
	GlobalSection(SolutionConfigurationPlatforms) = preSolution
		Debug|Any CPU = Debug|Any CPU
		Release|Any CPU = Release|Any CPU
	EndGlobalSection
	GlobalSection(ProjectConfigurationPlatforms) = postSolution
		{1C597660-6041-A438-79B2-97EA9C8E20A6}.Debug|Any CPU.ActiveCfg = Debug|Any CPU
		{1C597660-6041-A438-79B2-97EA9C8E20A6}.Debug|Any CPU.Build.0 = Debug|Any CPU
		{1C597660-6041-A438-79B2-97EA9C8E20A6}.Release|Any CPU.ActiveCfg = Release|Any CPU
		{1C597660-6041-A438-79B2-97EA9C8E20A6}.Release|Any CPU.Build.0 = Release|Any CPU
	EndGlobalSection
	GlobalSection(SolutionProperties) = preSolution
		HideSolutionNode = FALSE
	EndGlobalSection
	GlobalSection(ExtensibilityGlobals) = postSolution
		SolutionGuid = {4B02FA1F-8F5B-470A-B2FE-D01F9F30D1B3}
	EndGlobalSection
EndGlobal
